{
  "requires": true,
  "lockfileVersion": 1,
  "dependencies": {
    "@antv/x6": {
      "version": "3.1.7",
      "resolved": "https://nexus.kedacom.com/repository/public-npm/@antv/x6/-/x6-3.1.7.tgz",
      "integrity": "sha512-NLKXtbCK51oLbazfFD0XsD93rMmih08UBW4gAuEyLBpwAqHmHe+vP8VhOZDkl5O9jV1LSv85IJghr9CT5tZjWw==",
      "requires": {
        "dom-align": "^1.12.4",
        "lodash-es": "^4.17.15",
        "mousetrap": "^1.6.5",
        "utility-types": "^3.10.0"
      }
    },
    "@antv/x6-vue-shape": {
      "version": "3.0.2",
      "resolved": "https://nexus.kedacom.com/repository/public-npm/@antv/x6-vue-shape/-/x6-vue-shape-3.0.2.tgz",
      "integrity": "sha512-HWnYFvLCaUD9ernINxTn9vCRj66eG/nXKErSSq0hfI4U1HOitC/1oUrzDdwL/BT80HKAQeSsmy7gpDA/79jYlw==",
      "requires": {
        "vue-demi": "^0.14.10"
      }
    },
    "dom-align": {
      "version": "1.12.4",
      "resolved": "https://nexus.kedacom.com/repository/public-npm/dom-align/-/dom-align-1.12.4.tgz",
      "integrity": "sha512-R8LUSEay/68zE5c8/3BDxiTEvgb4xZTF0RKmAHfiEVN3klfIpXfi2/QCoiWPccVQ0J/ZGdz9OjzL4uJEP/MRAw=="
    },
    "lodash-es": {
      "version": "4.18.1",
      "resolved": "http://nexus.kedacom.com/repository/public-npm/lodash-es/-/lodash-es-4.18.1.tgz",
      "integrity": "sha512-J8xewKD/Gk22OZbhpOVSwcs60zhd95ESDwezOFuA3/099925PdHJ7OFHNTGtajL3AlZkykD32HykiMo+BIBI8A=="
    },
    "mousetrap": {
      "version": "1.6.5",
      "resolved": "https://nexus.kedacom.com/repository/public-npm/mousetrap/-/mousetrap-1.6.5.tgz",
      "integrity": "sha512-QNo4kEepaIBwiT8CDhP98umTetp+JNfQYBWvC1pc6/OAibuXtRcxZ58Qz8skvEHYvURne/7R8T5VoOI7rDsEUA=="
    },
    "utility-types": {
      "version": "3.11.0",
      "resolved": "https://nexus.kedacom.com/repository/public-npm/utility-types/-/utility-types-3.11.0.tgz",
      "integrity": "sha512-6Z7Ma2aVEWisaL6TvBCy7P8rm2LQoPv6dJ7ecIaIixHcwfbJ0x7mWdbcwlIM5IGQxPZSFYeqRCqlOOeKoJYMkw=="
    },
    "vue-demi": {
      "version": "0.14.10",
      "resolved": "https://nexus.kedacom.com/repository/public-npm/vue-demi/-/vue-demi-0.14.10.tgz",
      "integrity": "sha512-nMZBOwuzabUO0nLgIcc6rycZEebF6eeUfaiQx9+WSk8e29IbLvPU9feI6tqW4kTo3hvoYAJkMh8n8D0fuISphg=="
    }
  }
}
